
Microsoft Visual Studio Solution File, Format Version 12.00
# Visual Studio Version 16
VisualStudioVersion = 16.0.31911.196
MinimumVisualStudioVersion = 10.0.40219.1
Project("{FAE04EC0-301F-11D3-BF4B-00C04F79EFBC}") = "InventoryApiApp", "InventoryApiApp.csproj", "{15E9D7B0-1744-490E-9CB3-EF6BCBD6CB03}"
EndProject
Global
	GlobalSection(SolutionConfigurationPlatforms) = preSolution
		Debug|Any CPU = Debug|Any CPU
		Release|Any CPU = Release|Any CPU
	EndGlobalSection
	GlobalSection(ProjectConfigurationPlatforms) = postSolution
		{15E9D7B0-1744-490E-9CB3-EF6BCBD6CB03}.Debug|Any CPU.ActiveCfg = Debug|Any CPU
		{15E9D7B0-1744-490E-9CB3-EF6BCBD6CB03}.Debug|Any CPU.Build.0 = Debug|Any CPU
		{15E9D7B0-1744-490E-9CB3-EF6BCBD6CB03}.Release|Any CPU.ActiveCfg = Release|Any CPU
		{15E9D7B0-1744-490E-9CB3-EF6BCBD6CB03}.Release|Any CPU.Build.0 = Release|Any CPU
	EndGlobalSection
	GlobalSection(SolutionProperties) = preSolution
		HideSolutionNode = FALSE
	EndGlobalSection
	GlobalSection(ExtensibilityGlobals) = postSolution
		SolutionGuid = {C4E01F0D-4A47-4A00-8F98-131CE64E0AD7}
	EndGlobalSection
EndGlobal
